
Microsoft Visual Studio Solution File, Format Version 12.00
# Visual Studio Version 17
VisualStudioVersion = 17.4.33110.190
MinimumVisualStudioVersion = 10.0.40219.1
Project("{8BC9CEB8-8B4A-11D0-8D11-00A0C91BC942}") = "sample_imgui", "sample_imgui.vcxproj", "{8FF15D1D-90F3-4B8A-A1C4-5E6FB800AEFE}"
	ProjectSection(ProjectDependencies) = postProject
		{360E9D40-1FAC-4D32-AA23-AC106DDD9C5E} = {360E9D40-1FAC-4D32-AA23-AC106DDD9C5E}
		{AB0391F5-A052-4B3F-8120-1396B50EB864} = {AB0391F5-A052-4B3F-8120-1396B50EB864}
		{B33336F7-F497-45BD-82AF-0B8CCB7D054D} = {B33336F7-F497-45BD-82AF-0B8CCB7D054D}
	EndProjectSection
EndProject
Project("{8BC9CEB8-8B4A-11D0-8D11-00A0C91BC942}") = "sample_fontstash", "sample_fontstash.vcxproj", "{CA585549-413A-4620-860B-29A5DBA06E64}"
	ProjectSection(ProjectDependencies) = postProject
		{360E9D40-1FAC-4D32-AA23-AC106DDD9C5E} = {360E9D40-1FAC-4D32-AA23-AC106DDD9C5E}
		{AB0391F5-A052-4B3F-8120-1396B50EB864} = {AB0391F5-A052-4B3F-8120-1396B50EB864}
		{B33336F7-F497-45BD-82AF-0B8CCB7D054D} = {B33336F7-F497-45BD-82AF-0B8CCB7D054D}
	EndProjectSection
EndProject
Project("{8BC9CEB8-8B4A-11D0-8D11-00A0C91BC942}") = "REI", "REI.vcxproj", "{360E9D40-1FAC-4D32-AA23-AC106DDD9C5E}"
EndProject
Project("{8BC9CEB8-8B4A-11D0-8D11-00A0C91BC942}") = "REI_Sample", "REI_Sample.vcxproj", "{B33336F7-F497-45BD-82AF-0B8CCB7D054D}"
	ProjectSection(ProjectDependencies) = postProject
		{AB0391F5-A052-4B3F-8120-1396B50EB864} = {AB0391F5-A052-4B3F-8120-1396B50EB864}
	EndProjectSection
EndProject
Project("{8BC9CEB8-8B4A-11D0-8D11-00A0C91BC942}") = "sample_triangle", "sample_triangle.vcxproj", "{1237CDE1-CEDA-43CD-90EF-0D4A115C90CE}"
	ProjectSection(ProjectDependencies) = postProject
		{AB0391F5-A052-4B3F-8120-1396B50EB864} = {AB0391F5-A052-4B3F-8120-1396B50EB864}
	EndProjectSection
EndProject
Project("{8BC9CEB8-8B4A-11D0-8D11-00A0C91BC942}") = "sample_nanovg", "sample_nanovg.vcxproj", "{7774D745-5DCD-43F0-BA94-CEF6F9811DD0}"
	ProjectSection(ProjectDependencies) = postProject
		{AB0391F5-A052-4B3F-8120-1396B50EB864} = {AB0391F5-A052-4B3F-8120-1396B50EB864}
	EndProjectSection
EndProject
Project("{8BC9CEB8-8B4A-11D0-8D11-00A0C91BC942}") = "sample_basic_draw", "sample_basic_draw.vcxproj", "{41F0180F-7DC5-4BFF-B053-9B35BA3D5D46}"
	ProjectSection(ProjectDependencies) = postProject
		{AB0391F5-A052-4B3F-8120-1396B50EB864} = {AB0391F5-A052-4B3F-8120-1396B50EB864}
	EndProjectSection
EndProject
Project("{2150E333-8FDC-42A3-9474-1A3956D46DE8}") = "Samples", "Samples", "{96FF12F8-4494-408B-999A-4C917C690D1E}"
EndProject
Project("{8BC9CEB8-8B4A-11D0-8D11-00A0C91BC942}") = "REI_Integration", "REI_Integration.vcxproj", "{AB0391F5-A052-4B3F-8120-1396B50EB864}"
	ProjectSection(ProjectDependencies) = postProject
		{360E9D40-1FAC-4D32-AA23-AC106DDD9C5E} = {360E9D40-1FAC-4D32-AA23-AC106DDD9C5E}
	EndProjectSection
EndProject
Project("{2150E333-8FDC-42A3-9474-1A3956D46DE8}") = "Tests", "Tests", "{ACBA9840-CE31-4210-ABC1-12F4759A1BC0}"
EndProject
Project("{8BC9CEB8-8B4A-11D0-8D11-00A0C91BC942}") = "Test_ICT", "Test_ICT.vcxproj", "{0718B65F-08AB-4F0A-9419-4614A183A150}"
EndProject
Project("{2150E333-8FDC-42A3-9474-1A3956D46DE8}") = "props", "props", "{A0272379-8B3A-4A2D-BDBD-EB1723990E10}"
	ProjectSection(SolutionItems) = preProject
		macros.props = macros.props
		sample_dx12.props = sample_dx12.props
		sample_vulkan.props = sample_vulkan.props
	EndProjectSection
EndProject
Project("{8BC9CEB8-8B4A-11D0-8D11-00A0C91BC942}") = "sample_gltf", "sample_gltf.vcxproj", "{DD2083AF-5570-4F7B-A637-640B58C8F02C}"
EndProject
Project("{8BC9CEB8-8B4A-11D0-8D11-00A0C91BC942}") = "unit_tests", "unit_tests.vcxproj", "{B734EBF1-408F-4EC1-9B78-5F172A0376AF}"
EndProject
Global
	GlobalSection(SolutionConfigurationPlatforms) = preSolution
		DebugD3D12|x64 = DebugD3D12|x64
		DebugD3D12|x86 = DebugD3D12|x86
		DebugVulkan|x64 = DebugVulkan|x64
		DebugVulkan|x86 = DebugVulkan|x86
		ReleaseD3D12|x64 = ReleaseD3D12|x64
		ReleaseD3D12|x86 = ReleaseD3D12|x86
		ReleaseVulkan|x64 = ReleaseVulkan|x64
		ReleaseVulkan|x86 = ReleaseVulkan|x86
	EndGlobalSection
	GlobalSection(ProjectConfigurationPlatforms) = postSolution
		{8FF15D1D-90F3-4B8A-A1C4-5E6FB800AEFE}.DebugD3D12|x64.ActiveCfg = DebugD3D12|x64
		{8FF15D1D-90F3-4B8A-A1C4-5E6FB800AEFE}.DebugD3D12|x64.Build.0 = DebugD3D12|x64
		{8FF15D1D-90F3-4B8A-A1C4-5E6FB800AEFE}.DebugD3D12|x86.ActiveCfg = DebugD3D12|Win32
		{8FF15D1D-90F3-4B8A-A1C4-5E6FB800AEFE}.DebugD3D12|x86.Build.0 = DebugD3D12|Win32
		{8FF15D1D-90F3-4B8A-A1C4-5E6FB800AEFE}.DebugVulkan|x64.ActiveCfg = DebugVulkan|x64
		{8FF15D1D-90F3-4B8A-A1C4-5E6FB800AEFE}.DebugVulkan|x64.Build.0 = DebugVulkan|x64
		{8FF15D1D-90F3-4B8A-A1C4-5E6FB800AEFE}.DebugVulkan|x86.ActiveCfg = DebugVulkan|Win32
		{8FF15D1D-90F3-4B8A-A1C4-5E6FB800AEFE}.DebugVulkan|x86.Build.0 = DebugVulkan|Win32
		{8FF15D1D-90F3-4B8A-A1C4-5E6FB800AEFE}.ReleaseD3D12|x64.ActiveCfg = ReleaseD3D12|x64
		{8FF15D1D-90F3-4B8A-A1C4-5E6FB800AEFE}.ReleaseD3D12|x64.Build.0 = ReleaseD3D12|x64
		{8FF15D1D-90F3-4B8A-A1C4-5E6FB800AEFE}.ReleaseD3D12|x86.ActiveCfg = ReleaseD3D12|Win32
		{8FF15D1D-90F3-4B8A-A1C4-5E6FB800AEFE}.ReleaseD3D12|x86.Build.0 = ReleaseD3D12|Win32
		{8FF15D1D-90F3-4B8A-A1C4-5E6FB800AEFE}.ReleaseVulkan|x64.ActiveCfg = ReleaseVulkan|x64
		{8FF15D1D-90F3-4B8A-A1C4-5E6FB800AEFE}.ReleaseVulkan|x64.Build.0 = ReleaseVulkan|x64
		{8FF15D1D-90F3-4B8A-A1C4-5E6FB800AEFE}.ReleaseVulkan|x86.ActiveCfg = ReleaseVulkan|Win32
		{8FF15D1D-90F3-4B8A-A1C4-5E6FB800AEFE}.ReleaseVulkan|x86.Build.0 = ReleaseVulkan|Win32
		{CA585549-413A-4620-860B-29A5DBA06E64}.DebugD3D12|x64.ActiveCfg = DebugD3D12|x64
		{CA585549-413A-4620-860B-29A5DBA06E64}.DebugD3D12|x64.Build.0 = DebugD3D12|x64
		{CA585549-413A-4620-860B-29A5DBA06E64}.DebugD3D12|x86.ActiveCfg = DebugD3D12|Win32
		{CA585549-413A-4620-860B-29A5DBA06E64}.DebugD3D12|x86.Build.0 = DebugD3D12|Win32
		{CA585549-413A-4620-860B-29A5DBA06E64}.DebugVulkan|x64.ActiveCfg = DebugVulkan|x64
		{CA585549-413A-4620-860B-29A5DBA06E64}.DebugVulkan|x64.Build.0 = DebugVulkan|x64
		{CA585549-413A-4620-860B-29A5DBA06E64}.DebugVulkan|x86.ActiveCfg = DebugVulkan|Win32
		{CA585549-413A-4620-860B-29A5DBA06E64}.DebugVulkan|x86.Build.0 = DebugVulkan|Win32
		{CA585549-413A-4620-860B-29A5DBA06E64}.ReleaseD3D12|x64.ActiveCfg = ReleaseD3D12|x64
		{CA585549-413A-4620-860B-29A5DBA06E64}.ReleaseD3D12|x64.Build.0 = ReleaseD3D12|x64
		{CA585549-413A-4620-860B-29A5DBA06E64}.ReleaseD3D12|x86.ActiveCfg = ReleaseD3D12|Win32
		{CA585549-413A-4620-860B-29A5DBA06E64}.ReleaseD3D12|x86.Build.0 = ReleaseD3D12|Win32
		{CA585549-413A-4620-860B-29A5DBA06E64}.ReleaseVulkan|x64.ActiveCfg = ReleaseVulkan|x64
		{CA585549-413A-4620-860B-29A5DBA06E64}.ReleaseVulkan|x64.Build.0 = ReleaseVulkan|x64
		{CA585549-413A-4620-860B-29A5DBA06E64}.ReleaseVulkan|x86.ActiveCfg = ReleaseVulkan|Win32
		{CA585549-413A-4620-860B-29A5DBA06E64}.ReleaseVulkan|x86.Build.0 = ReleaseVulkan|Win32
		{360E9D40-1FAC-4D32-AA23-AC106DDD9C5E}.DebugD3D12|x64.ActiveCfg = DebugD3D12|x64
		{360E9D40-1FAC-4D32-AA23-AC106DDD9C5E}.DebugD3D12|x64.Build.0 = DebugD3D12|x64
		{360E9D40-1FAC-4D32-AA23-AC106DDD9C5E}.DebugD3D12|x86.ActiveCfg = DebugD3D12|Win32
		{360E9D40-1FAC-4D32-AA23-AC106DDD9C5E}.DebugD3D12|x86.Build.0 = DebugD3D12|Win32
		{360E9D40-1FAC-4D32-AA23-AC106DDD9C5E}.DebugVulkan|x64.ActiveCfg = DebugVulkan|x64
		{360E9D40-1FAC-4D32-AA23-AC106DDD9C5E}.DebugVulkan|x64.Build.0 = DebugVulkan|x64
		{360E9D40-1FAC-4D32-AA23-AC106DDD9C5E}.DebugVulkan|x86.ActiveCfg = DebugVulkan|Win32
		{360E9D40-1FAC-4D32-AA23-AC106DDD9C5E}.DebugVulkan|x86.Build.0 = DebugVulkan|Win32
		{360E9D40-1FAC-4D32-AA23-AC106DDD9C5E}.ReleaseD3D12|x64.ActiveCfg = ReleaseD3D12|x64
		{360E9D40-1FAC-4D32-AA23-AC106DDD9C5E}.ReleaseD3D12|x64.Build.0 = ReleaseD3D12|x64
		{360E9D40-1FAC-4D32-AA23-AC106DDD9C5E}.ReleaseD3D12|x86.ActiveCfg = ReleaseD3D12|Win32
		{360E9D40-1FAC-4D32-AA23-AC106DDD9C5E}.ReleaseD3D12|x86.Build.0 = ReleaseD3D12|Win32
		{360E9D40-1FAC-4D32-AA23-AC106DDD9C5E}.ReleaseVulkan|x64.ActiveCfg = ReleaseVulkan|x64
		{360E9D40-1FAC-4D32-AA23-AC106DDD9C5E}.ReleaseVulkan|x64.Build.0 = ReleaseVulkan|x64
		{360E9D40-1FAC-4D32-AA23-AC106DDD9C5E}.ReleaseVulkan|x86.ActiveCfg = ReleaseVulkan|Win32
		{360E9D40-1FAC-4D32-AA23-AC106DDD9C5E}.ReleaseVulkan|x86.Build.0 = ReleaseVulkan|Win32
		{B33336F7-F497-45BD-82AF-0B8CCB7D054D}.DebugD3D12|x64.ActiveCfg = DebugD3D12|x64
		{B33336F7-F497-45BD-82AF-0B8CCB7D054D}.DebugD3D12|x64.Build.0 = DebugD3D12|x64
		{B33336F7-F497-45BD-82AF-0B8CCB7D054D}.DebugD3D12|x86.ActiveCfg = DebugD3D12|Win32
		{B33336F7-F497-45BD-82AF-0B8CCB7D054D}.DebugD3D12|x86.Build.0 = DebugD3D12|Win32
		{B33336F7-F497-45BD-82AF-0B8CCB7D054D}.DebugVulkan|x64.ActiveCfg = DebugVulkan|x64
		{B33336F7-F497-45BD-82AF-0B8CCB7D054D}.DebugVulkan|x64.Build.0 = DebugVulkan|x64
		{B33336F7-F497-45BD-82AF-0B8CCB7D054D}.DebugVulkan|x86.ActiveCfg = DebugVulkan|Win32
		{B33336F7-F497-45BD-82AF-0B8CCB7D054D}.DebugVulkan|x86.Build.0 = DebugVulkan|Win32
		{B33336F7-F497-45BD-82AF-0B8CCB7D054D}.ReleaseD3D12|x64.ActiveCfg = ReleaseD3D12|x64
		{B33336F7-F497-45BD-82AF-0B8CCB7D054D}.ReleaseD3D12|x64.Build.0 = ReleaseD3D12|x64
		{B33336F7-F497-45BD-82AF-0B8CCB7D054D}.ReleaseD3D12|x86.ActiveCfg = ReleaseD3D12|Win32
		{B33336F7-F497-45BD-82AF-0B8CCB7D054D}.ReleaseD3D12|x86.Build.0 = ReleaseD3D12|Win32
		{B33336F7-F497-45BD-82AF-0B8CCB7D054D}.ReleaseVulkan|x64.ActiveCfg = ReleaseVulkan|x64
		{B33336F7-F497-45BD-82AF-0B8CCB7D054D}.ReleaseVulkan|x64.Build.0 = ReleaseVulkan|x64
		{B33336F7-F497-45BD-82AF-0B8CCB7D054D}.ReleaseVulkan|x86.ActiveCfg = ReleaseVulkan|Win32
		{B33336F7-F497-45BD-82AF-0B8CCB7D054D}.ReleaseVulkan|x86.Build.0 = ReleaseVulkan|Win32
		{1237CDE1-CEDA-43CD-90EF-0D4A115C90CE}.DebugD3D12|x64.ActiveCfg = DebugD3D12|x64
		{1237CDE1-CEDA-43CD-90EF-0D4A115C90CE}.DebugD3D12|x64.Build.0 = DebugD3D12|x64
		{1237CDE1-CEDA-43CD-90EF-0D4A115C90CE}.DebugD3D12|x86.ActiveCfg = DebugD3D12|Win32
		{1237CDE1-CEDA-43CD-90EF-0D4A115C90CE}.DebugD3D12|x86.Build.0 = DebugD3D12|Win32
		{1237CDE1-CEDA-43CD-90EF-0D4A115C90CE}.DebugVulkan|x64.ActiveCfg = DebugVulkan|x64
		{1237CDE1-CEDA-43CD-90EF-0D4A115C90CE}.DebugVulkan|x64.Build.0 = DebugVulkan|x64
		{1237CDE1-CEDA-43CD-90EF-0D4A115C90CE}.DebugVulkan|x86.ActiveCfg = DebugVulkan|Win32
		{1237CDE1-CEDA-43CD-90EF-0D4A115C90CE}.DebugVulkan|x86.Build.0 = DebugVulkan|Win32
		{1237CDE1-CEDA-43CD-90EF-0D4A115C90CE}.ReleaseD3D12|x64.ActiveCfg = ReleaseD3D12|x64
		{1237CDE1-CEDA-43CD-90EF-0D4A115C90CE}.ReleaseD3D12|x64.Build.0 = ReleaseD3D12|x64
		{1237CDE1-CEDA-43CD-90EF-0D4A115C90CE}.ReleaseD3D12|x86.ActiveCfg = ReleaseD3D12|Win32
		{1237CDE1-CEDA-43CD-90EF-0D4A115C90CE}.ReleaseD3D12|x86.Build.0 = ReleaseD3D12|Win32
		{1237CDE1-CEDA-43CD-90EF-0D4A115C90CE}.ReleaseVulkan|x64.ActiveCfg = ReleaseVulkan|x64
		{1237CDE1-CEDA-43CD-90EF-0D4A115C90CE}.ReleaseVulkan|x64.Build.0 = ReleaseVulkan|x64
		{1237CDE1-CEDA-43CD-90EF-0D4A115C90CE}.ReleaseVulkan|x86.ActiveCfg = ReleaseVulkan|Win32
		{1237CDE1-CEDA-43CD-90EF-0D4A115C90CE}.ReleaseVulkan|x86.Build.0 = ReleaseVulkan|Win32
		{7774D745-5DCD-43F0-BA94-CEF6F9811DD0}.DebugD3D12|x64.ActiveCfg = DebugD3D12|x64
		{7774D745-5DCD-43F0-BA94-CEF6F9811DD0}.DebugD3D12|x64.Build.0 = DebugD3D12|x64
		{7774D745-5DCD-43F0-BA94-CEF6F9811DD0}.DebugD3D12|x86.ActiveCfg = DebugD3D12|Win32
		{7774D745-5DCD-43F0-BA94-CEF6F9811DD0}.DebugD3D12|x86.Build.0 = DebugD3D12|Win32
		{7774D745-5DCD-43F0-BA94-CEF6F9811DD0}.DebugVulkan|x64.ActiveCfg = DebugVulkan|x64
		{7774D745-5DCD-43F0-BA94-CEF6F9811DD0}.DebugVulkan|x64.Build.0 = DebugVulkan|x64
		{7774D745-5DCD-43F0-BA94-CEF6F9811DD0}.DebugVulkan|x86.ActiveCfg = DebugVulkan|Win32
		{7774D745-5DCD-43F0-BA94-CEF6F9811DD0}.DebugVulkan|x86.Build.0 = DebugVulkan|Win32
		{7774D745-5DCD-43F0-BA94-CEF6F9811DD0}.ReleaseD3D12|x64.ActiveCfg = ReleaseD3D12|x64
		{7774D745-5DCD-43F0-BA94-CEF6F9811DD0}.ReleaseD3D12|x64.Build.0 = ReleaseD3D12|x64
		{7774D745-5DCD-43F0-BA94-CEF6F9811DD0}.ReleaseD3D12|x86.ActiveCfg = ReleaseD3D12|Win32
		{7774D745-5DCD-43F0-BA94-CEF6F9811DD0}.ReleaseD3D12|x86.Build.0 = ReleaseD3D12|Win32
		{7774D745-5DCD-43F0-BA94-CEF6F9811DD0}.ReleaseVulkan|x64.ActiveCfg = ReleaseVulkan|x64
		{7774D745-5DCD-43F0-BA94-CEF6F9811DD0}.ReleaseVulkan|x64.Build.0 = ReleaseVulkan|x64
		{7774D745-5DCD-43F0-BA94-CEF6F9811DD0}.ReleaseVulkan|x86.ActiveCfg = ReleaseVulkan|Win32
		{7774D745-5DCD-43F0-BA94-CEF6F9811DD0}.ReleaseVulkan|x86.Build.0 = ReleaseVulkan|Win32
		{41F0180F-7DC5-4BFF-B053-9B35BA3D5D46}.DebugD3D12|x64.ActiveCfg = DebugD3D12|x64
		{41F0180F-7DC5-4BFF-B053-9B35BA3D5D46}.DebugD3D12|x64.Build.0 = DebugD3D12|x64
		{41F0180F-7DC5-4BFF-B053-9B35BA3D5D46}.DebugD3D12|x86.ActiveCfg = DebugD3D12|Win32
		{41F0180F-7DC5-4BFF-B053-9B35BA3D5D46}.DebugD3D12|x86.Build.0 = DebugD3D12|Win32
		{41F0180F-7DC5-4BFF-B053-9B35BA3D5D46}.DebugVulkan|x64.ActiveCfg = DebugVulkan|x64
		{41F0180F-7DC5-4BFF-B053-9B35BA3D5D46}.DebugVulkan|x64.Build.0 = DebugVulkan|x64
		{41F0180F-7DC5-4BFF-B053-9B35BA3D5D46}.DebugVulkan|x86.ActiveCfg = DebugVulkan|Win32
		{41F0180F-7DC5-4BFF-B053-9B35BA3D5D46}.DebugVulkan|x86.Build.0 = DebugVulkan|Win32
		{41F0180F-7DC5-4BFF-B053-9B35BA3D5D46}.ReleaseD3D12|x64.ActiveCfg = ReleaseD3D12|x64
		{41F0180F-7DC5-4BFF-B053-9B35BA3D5D46}.ReleaseD3D12|x64.Build.0 = ReleaseD3D12|x64
		{41F0180F-7DC5-4BFF-B053-9B35BA3D5D46}.ReleaseD3D12|x86.ActiveCfg = ReleaseD3D12|Win32
		{41F0180F-7DC5-4BFF-B053-9B35BA3D5D46}.ReleaseD3D12|x86.Build.0 = ReleaseD3D12|Win32
		{41F0180F-7DC5-4BFF-B053-9B35BA3D5D46}.ReleaseVulkan|x64.ActiveCfg = ReleaseVulkan|x64
		{41F0180F-7DC5-4BFF-B053-9B35BA3D5D46}.ReleaseVulkan|x64.Build.0 = ReleaseVulkan|x64
		{41F0180F-7DC5-4BFF-B053-9B35BA3D5D46}.ReleaseVulkan|x86.ActiveCfg = ReleaseVulkan|Win32
		{41F0180F-7DC5-4BFF-B053-9B35BA3D5D46}.ReleaseVulkan|x86.Build.0 = ReleaseVulkan|Win32
		{AB0391F5-A052-4B3F-8120-1396B50EB864}.DebugD3D12|x64.ActiveCfg = DebugD3D12|x64
		{AB0391F5-A052-4B3F-8120-1396B50EB864}.DebugD3D12|x64.Build.0 = DebugD3D12|x64
		{AB0391F5-A052-4B3F-8120-1396B50EB864}.DebugD3D12|x86.ActiveCfg = DebugD3D12|Win32
		{AB0391F5-A052-4B3F-8120-1396B50EB864}.DebugD3D12|x86.Build.0 = DebugD3D12|Win32
		{AB0391F5-A052-4B3F-8120-1396B50EB864}.DebugVulkan|x64.ActiveCfg = DebugVulkan|x64
		{AB0391F5-A052-4B3F-8120-1396B50EB864}.DebugVulkan|x64.Build.0 = DebugVulkan|x64
		{AB0391F5-A052-4B3F-8120-1396B50EB864}.DebugVulkan|x86.ActiveCfg = DebugVulkan|Win32
		{AB0391F5-A052-4B3F-8120-1396B50EB864}.DebugVulkan|x86.Build.0 = DebugVulkan|Win32
		{AB0391F5-A052-4B3F-8120-1396B50EB864}.ReleaseD3D12|x64.ActiveCfg = ReleaseD3D12|x64
		{AB0391F5-A052-4B3F-8120-1396B50EB864}.ReleaseD3D12|x64.Build.0 = ReleaseD3D12|x64
		{AB0391F5-A052-4B3F-8120-1396B50EB864}.ReleaseD3D12|x86.ActiveCfg = ReleaseD3D12|Win32
		{AB0391F5-A052-4B3F-8120-1396B50EB864}.ReleaseD3D12|x86.Build.0 = ReleaseD3D12|Win32
		{AB0391F5-A052-4B3F-8120-1396B50EB864}.ReleaseVulkan|x64.ActiveCfg = ReleaseVulkan|x64
		{AB0391F5-A052-4B3F-8120-1396B50EB864}.ReleaseVulkan|x64.Build.0 = ReleaseVulkan|x64
		{AB0391F5-A052-4B3F-8120-1396B50EB864}.ReleaseVulkan|x86.ActiveCfg = ReleaseVulkan|Win32
		{AB0391F5-A052-4B3F-8120-1396B50EB864}.ReleaseVulkan|x86.Build.0 = ReleaseVulkan|Win32
		{0718B65F-08AB-4F0A-9419-4614A183A150}.DebugD3D12|x64.ActiveCfg = DebugD3D12|x64
		{0718B65F-08AB-4F0A-9419-4614A183A150}.DebugD3D12|x64.Build.0 = DebugD3D12|x64
		{0718B65F-08AB-4F0A-9419-4614A183A150}.DebugD3D12|x86.ActiveCfg = DebugD3D12|Win32
		{0718B65F-08AB-4F0A-9419-4614A183A150}.DebugD3D12|x86.Build.0 = DebugD3D12|Win32
		{0718B65F-08AB-4F0A-9419-4614A183A150}.DebugVulkan|x64.ActiveCfg = DebugVulkan|x64
		{0718B65F-08AB-4F0A-9419-4614A183A150}.DebugVulkan|x64.Build.0 = DebugVulkan|x64
		{0718B65F-08AB-4F0A-9419-4614A183A150}.DebugVulkan|x86.ActiveCfg = DebugVulkan|Win32
		{0718B65F-08AB-4F0A-9419-4614A183A150}.DebugVulkan|x86.Build.0 = DebugVulkan|Win32
		{0718B65F-08AB-4F0A-9419-4614A183A150}.ReleaseD3D12|x64.ActiveCfg = ReleaseD3D12|x64
		{0718B65F-08AB-4F0A-9419-4614A183A150}.ReleaseD3D12|x64.Build.0 = ReleaseD3D12|x64
		{0718B65F-08AB-4F0A-9419-4614A183A150}.ReleaseD3D12|x86.ActiveCfg = ReleaseD3D12|Win32
		{0718B65F-08AB-4F0A-9419-4614A183A150}.ReleaseD3D12|x86.Build.0 = ReleaseD3D12|Win32
		{0718B65F-08AB-4F0A-9419-4614A183A150}.ReleaseVulkan|x64.ActiveCfg = ReleaseVulkan|x64
		{0718B65F-08AB-4F0A-9419-4614A183A150}.ReleaseVulkan|x64.Build.0 = ReleaseVulkan|x64
		{0718B65F-08AB-4F0A-9419-4614A183A150}.ReleaseVulkan|x86.ActiveCfg = ReleaseVulkan|Win32
		{0718B65F-08AB-4F0A-9419-4614A183A150}.ReleaseVulkan|x86.Build.0 = ReleaseVulkan|Win32
		{DD2083AF-5570-4F7B-A637-640B58C8F02C}.DebugD3D12|x64.ActiveCfg = DebugD3D12|x64
		{DD2083AF-5570-4F7B-A637-640B58C8F02C}.DebugD3D12|x64.Build.0 = DebugD3D12|x64
		{DD2083AF-5570-4F7B-A637-640B58C8F02C}.DebugD3D12|x86.ActiveCfg = DebugD3D12|Win32
		{DD2083AF-5570-4F7B-A637-640B58C8F02C}.DebugD3D12|x86.Build.0 = DebugD3D12|Win32
		{DD2083AF-5570-4F7B-A637-640B58C8F02C}.DebugVulkan|x64.ActiveCfg = DebugVulkan|x64
		{DD2083AF-5570-4F7B-A637-640B58C8F02C}.DebugVulkan|x64.Build.0 = DebugVulkan|x64
		{DD2083AF-5570-4F7B-A637-640B58C8F02C}.DebugVulkan|x86.ActiveCfg = DebugVulkan|Win32
		{DD2083AF-5570-4F7B-A637-640B58C8F02C}.DebugVulkan|x86.Build.0 = DebugVulkan|Win32
		{DD2083AF-5570-4F7B-A637-640B58C8F02C}.ReleaseD3D12|x64.ActiveCfg = ReleaseD3D12|x64
		{DD2083AF-5570-4F7B-A637-640B58C8F02C}.ReleaseD3D12|x64.Build.0 = ReleaseD3D12|x64
		{DD2083AF-5570-4F7B-A637-640B58C8F02C}.ReleaseD3D12|x86.ActiveCfg = ReleaseD3D12|Win32
		{DD2083AF-5570-4F7B-A637-640B58C8F02C}.ReleaseD3D12|x86.Build.0 = ReleaseD3D12|Win32
		{DD2083AF-5570-4F7B-A637-640B58C8F02C}.ReleaseVulkan|x64.ActiveCfg = ReleaseVulkan|x64
		{DD2083AF-5570-4F7B-A637-640B58C8F02C}.ReleaseVulkan|x64.Build.0 = ReleaseVulkan|x64
		{DD2083AF-5570-4F7B-A637-640B58C8F02C}.ReleaseVulkan|x86.ActiveCfg = ReleaseVulkan|Win32
		{DD2083AF-5570-4F7B-A637-640B58C8F02C}.ReleaseVulkan|x86.Build.0 = ReleaseVulkan|Win32
		{B734EBF1-408F-4EC1-9B78-5F172A0376AF}.DebugD3D12|x64.ActiveCfg = DebugD3D12|x64
		{B734EBF1-408F-4EC1-9B78-5F172A0376AF}.DebugD3D12|x64.Build.0 = DebugD3D12|x64
		{B734EBF1-408F-4EC1-9B78-5F172A0376AF}.DebugD3D12|x86.ActiveCfg = DebugD3D12|Win32
		{B734EBF1-408F-4EC1-9B78-5F172A0376AF}.DebugD3D12|x86.Build.0 = DebugD3D12|Win32
		{B734EBF1-408F-4EC1-9B78-5F172A0376AF}.DebugVulkan|x64.ActiveCfg = DebugVulkan|x64
		{B734EBF1-408F-4EC1-9B78-5F172A0376AF}.DebugVulkan|x64.Build.0 = DebugVulkan|x64
		{B734EBF1-408F-4EC1-9B78-5F172A0376AF}.DebugVulkan|x86.ActiveCfg = DebugVulkan|Win32
		{B734EBF1-408F-4EC1-9B78-5F172A0376AF}.DebugVulkan|x86.Build.0 = DebugVulkan|Win32
		{B734EBF1-408F-4EC1-9B78-5F172A0376AF}.ReleaseD3D12|x64.ActiveCfg = ReleaseD3D12|x64
		{B734EBF1-408F-4EC1-9B78-5F172A0376AF}.ReleaseD3D12|x64.Build.0 = ReleaseD3D12|x64
		{B734EBF1-408F-4EC1-9B78-5F172A0376AF}.ReleaseD3D12|x86.ActiveCfg = ReleaseD3D12|Win32
		{B734EBF1-408F-4EC1-9B78-5F172A0376AF}.ReleaseD3D12|x86.Build.0 = ReleaseD3D12|Win32
		{B734EBF1-408F-4EC1-9B78-5F172A0376AF}.ReleaseVulkan|x64.ActiveCfg = ReleaseVulkan|x64
		{B734EBF1-408F-4EC1-9B78-5F172A0376AF}.ReleaseVulkan|x64.Build.0 = ReleaseVulkan|x64
		{B734EBF1-408F-4EC1-9B78-5F172A0376AF}.ReleaseVulkan|x86.ActiveCfg = ReleaseVulkan|Win32
		{B734EBF1-408F-4EC1-9B78-5F172A0376AF}.ReleaseVulkan|x86.Build.0 = ReleaseVulkan|Win32
	EndGlobalSection
	GlobalSection(SolutionProperties) = preSolution
		HideSolutionNode = FALSE
	EndGlobalSection
	GlobalSection(NestedProjects) = preSolution
		{8FF15D1D-90F3-4B8A-A1C4-5E6FB800AEFE} = {96FF12F8-4494-408B-999A-4C917C690D1E}
		{CA585549-413A-4620-860B-29A5DBA06E64} = {96FF12F8-4494-408B-999A-4C917C690D1E}
		{1237CDE1-CEDA-43CD-90EF-0D4A115C90CE} = {96FF12F8-4494-408B-999A-4C917C690D1E}
		{7774D745-5DCD-43F0-BA94-CEF6F9811DD0} = {96FF12F8-4494-408B-999A-4C917C690D1E}
		{41F0180F-7DC5-4BFF-B053-9B35BA3D5D46} = {96FF12F8-4494-408B-999A-4C917C690D1E}
		{0718B65F-08AB-4F0A-9419-4614A183A150} = {ACBA9840-CE31-4210-ABC1-12F4759A1BC0}
		{DD2083AF-5570-4F7B-A637-640B58C8F02C} = {96FF12F8-4494-408B-999A-4C917C690D1E}
		{B734EBF1-408F-4EC1-9B78-5F172A0376AF} = {ACBA9840-CE31-4210-ABC1-12F4759A1BC0}
	EndGlobalSection
	GlobalSection(ExtensibilityGlobals) = postSolution
		SolutionGuid = {A2058C2A-ADE2-4D6B-84CF-B390FCF60313}
	EndGlobalSection
EndGlobal
