<?xml version="1.0" encoding="utf-8"?>
<Project ToolsVersion="4.0" xmlns="http://schemas.microsoft.com/developer/msbuild/2003">
  <ItemGroup>
    <Filter Include="Header Files">
      <UniqueIdentifier>{93995380-89BD-4b04-88EB-625FBE52EBFB}</UniqueIdentifier>
      <Extensions>h;hh;hpp;hxx;hm;inl;inc;ipp;xsd</Extensions>
    </Filter>
    <Filter Include="Integration">
      <UniqueIdentifier>{b3e843f7-5162-41e4-aba4-76e25669cbc4}</UniqueIdentifier>
    </Filter>
    <Filter Include="Integration\hlsl">
      <UniqueIdentifier>{eb806a48-615a-4906-95fe-74b64e53623a}</UniqueIdentifier>
    </Filter>
    <Filter Include="Integration\3rdparty">
      <UniqueIdentifier>{12951864-f06d-4fd0-853a-cbf30bd13622}</UniqueIdentifier>
    </Filter>
    <Filter Include="Integration\3rdparty\imgui">
      <UniqueIdentifier>{4e32cc3b-258f-4456-ba4d-0e0a9adca065}</UniqueIdentifier>
    </Filter>
    <Filter Include="Integration\3rdparty\nanovg">
      <UniqueIdentifier>{382fb4bd-e7e4-4fe5-8aca-7067da9bc505}</UniqueIdentifier>
    </Filter>
    <Filter Include="Integration\3rdparty\fontstash">
      <UniqueIdentifier>{5a6e9c55-1fee-4b94-83c0-3cf4589f06fd}</UniqueIdentifier>
    </Filter>
  </ItemGroup>
  <ItemGroup>
    <ClCompile Include="..\..\..\REI_Integration\3rdparty\imgui\imgui.cpp">
      <Filter>Integration\3rdparty\imgui</Filter>
    </ClCompile>
    <ClCompile Include="..\..\..\REI_Integration\3rdparty\imgui\imgui_demo.cpp">
      <Filter>Integration\3rdparty\imgui</Filter>
    </ClCompile>
    <ClCompile Include="..\..\..\REI_Integration\3rdparty\imgui\imgui_draw.cpp">
      <Filter>Integration\3rdparty\imgui</Filter>
    </ClCompile>
    <ClCompile Include="..\..\..\REI_Integration\3rdparty\imgui\imgui_widgets.cpp">
      <Filter>Integration\3rdparty\imgui</Filter>
    </ClCompile>
    <ClCompile Include="..\..\..\REI_Integration\REI_fontstash.cpp">
      <Filter>Integration</Filter>
    </ClCompile>
    <ClCompile Include="..\..\..\REI_Integration\REI_imgui.cpp">
      <Filter>Integration</Filter>
    </ClCompile>
    <ClCompile Include="..\..\..\REI_Integration\REI_nanovg.cpp">
      <Filter>Integration</Filter>
    </ClCompile>
    <ClCompile Include="..\..\..\REI_Integration\3rdparty\nanovg\nanovg.c">
      <Filter>Integration\3rdparty\nanovg</Filter>
    </ClCompile>
    <ClCompile Include="..\..\..\REI_Integration\ResourceLoader.cpp">
      <Filter>Integration</Filter>
    </ClCompile>
    <ClCompile Include="..\..\..\REI_Integration\BasicDraw.cpp">
      <Filter>Integration</Filter>
    </ClCompile>
    <ClCompile Include="..\..\..\REI_Integration\SDL_imgui.cpp">
      <Filter>Integration</Filter>
    </ClCompile>
  </ItemGroup>
  <ItemGroup>
    <ClInclude Include="..\..\..\REI_Integration\3rdparty\imgui\imconfig.h">
      <Filter>Integration\3rdparty\imgui</Filter>
    </ClInclude>
    <ClInclude Include="..\..\..\REI_Integration\3rdparty\imgui\imgui.h">
      <Filter>Integration\3rdparty\imgui</Filter>
    </ClInclude>
    <ClInclude Include="..\..\..\REI_Integration\3rdparty\imgui\imgui_internal.h">
      <Filter>Integration\3rdparty\imgui</Filter>
    </ClInclude>
    <ClInclude Include="..\..\..\REI_Integration\3rdparty\imgui\imstb_rectpack.h">
      <Filter>Integration\3rdparty\imgui</Filter>
    </ClInclude>
    <ClInclude Include="..\..\..\REI_Integration\3rdparty\imgui\imstb_textedit.h">
      <Filter>Integration\3rdparty\imgui</Filter>
    </ClInclude>
    <ClInclude Include="..\..\..\REI_Integration\3rdparty\imgui\imstb_truetype.h">
      <Filter>Integration\3rdparty\imgui</Filter>
    </ClInclude>
    <ClInclude Include="..\..\..\REI_Integration\REI_fontstash.h">
      <Filter>Integration</Filter>
    </ClInclude>
    <ClInclude Include="..\..\..\REI_Integration\REI_imgui.h">
      <Filter>Integration</Filter>
    </ClInclude>
    <ClInclude Include="..\..\..\REI_Integration\REI_nanovg.h">
      <Filter>Integration</Filter>
    </ClInclude>
    <ClInclude Include="..\..\..\REI_Integration\3rdparty\nanovg\nanovg.h">
      <Filter>Integration\3rdparty\nanovg</Filter>
    </ClInclude>
    <ClInclude Include="..\..\..\REI_Integration\3rdparty\fontstash\fontstash.h">
      <Filter>Integration\3rdparty\fontstash</Filter>
    </ClInclude>
    <ClInclude Include="..\..\..\REI_Integration\ResourceLoader.h">
      <Filter>Integration</Filter>
    </ClInclude>
    <ClInclude Include="..\..\..\REI_Integration\BasicDraw.h">
      <Filter>Integration</Filter>
    </ClInclude>
    <ClInclude Include="..\..\..\REI_Integration\SDL_imgui.h">
      <Filter>Integration</Filter>
    </ClInclude>
  </ItemGroup>
  <ItemGroup>
    <CustomBuild Include="..\..\..\REI_Integration\hlsl\basicdraw_ps.hlsl">
      <Filter>Integration\hlsl</Filter>
    </CustomBuild>
    <CustomBuild Include="..\..\..\REI_Integration\hlsl\basicdraw_line_vs.hlsl">
      <Filter>Integration\hlsl</Filter>
    </CustomBuild>
    <CustomBuild Include="..\..\..\REI_Integration\hlsl\basicdraw_mesh_vs.hlsl">
      <Filter>Integration\hlsl</Filter>
    </CustomBuild>
    <CustomBuild Include="..\..\..\REI_Integration\hlsl\basicdraw_point_vs.hlsl">
      <Filter>Integration\hlsl</Filter>
    </CustomBuild>
    <CustomBuild Include="..\..\..\REI_Integration\hlsl\fontstash_ps.hlsl">
      <Filter>Integration\hlsl</Filter>
    </CustomBuild>
    <CustomBuild Include="..\..\..\REI_Integration\hlsl\fontstash_vs.hlsl">
      <Filter>Integration\hlsl</Filter>
    </CustomBuild>
    <CustomBuild Include="..\..\..\REI_Integration\hlsl\imgui_ps.hlsl">
      <Filter>Integration\hlsl</Filter>
    </CustomBuild>
    <CustomBuild Include="..\..\..\REI_Integration\hlsl\imgui_vs.hlsl">
      <Filter>Integration\hlsl</Filter>
    </CustomBuild>
    <CustomBuild Include="..\..\..\REI_Integration\hlsl\nanovg_ps.hlsl">
      <Filter>Integration\hlsl</Filter>
    </CustomBuild>
    <CustomBuild Include="..\..\..\REI_Integration\hlsl\nanovg_vs.hlsl">
      <Filter>Integration\hlsl</Filter>
    </CustomBuild>
  </ItemGroup>
</Project>