<?xml version="1.0" encoding="utf-8"?>
<Project ToolsVersion="4.0" xmlns="http://schemas.microsoft.com/developer/msbuild/2003">
  <ItemGroup>
    <Filter Include="Header Files">
      <UniqueIdentifier>{93995380-89BD-4b04-88EB-625FBE52EBFB}</UniqueIdentifier>
      <Extensions>h;hh;hpp;hxx;hm;inl;inc;ipp;xsd</Extensions>
    </Filter>
    <Filter Include="sources">
      <UniqueIdentifier>{4FC737F1-C7A5-4376-A066-2A32D752A2FF}</UniqueIdentifier>
      <Extensions>cpp;c;cc;cxx;def;odl;idl;hpj;bat;asm;asmx</Extensions>
    </Filter>
    <Filter Include="sdl">
      <UniqueIdentifier>{b3e843f7-5162-41e4-aba4-76e25669cbc4}</UniqueIdentifier>
    </Filter>
  </ItemGroup>
  <ItemGroup>
    <ClCompile Include="..\..\..\REI_Sample\sample.cpp">
      <Filter>sources</Filter>
    </ClCompile>
    <ClCompile Include="..\..\sdl\main_sdl.cpp">
      <Filter>sdl</Filter>
    </ClCompile>
    <ClCompile Include="..\..\..\REI_Sample\sample_input.cpp">
      <Filter>sources</Filter>
    </ClCompile>
    <ClCompile Include="..\..\..\REI_Sample\Log.cpp">
      <Filter>sources</Filter>
    </ClCompile>
    <ClCompile Include="..\sample_windows.cpp">
      <Filter>sources</Filter>
    </ClCompile>
  </ItemGroup>
  <ItemGroup>
    <ClInclude Include="..\..\..\REI_Sample\sample.h">
      <Filter>sources</Filter>
    </ClInclude>
    <ClInclude Include="..\..\..\REI_Sample\Log.h">
      <Filter>sources</Filter>
    </ClInclude>
  </ItemGroup>
</Project>