<?xml version="1.0" encoding="utf-8"?>
<Project ToolsVersion="4.0" xmlns="http://schemas.microsoft.com/developer/msbuild/2003">
  <ItemGroup>
    <Filter Include="sample">
      <UniqueIdentifier>{897692fa-f628-427b-baa0-e2149dc5891d}</UniqueIdentifier>
    </Filter>
  </ItemGroup>
  <ItemGroup>
    <ClCompile Include="..\..\..\samples\sample_imgui.cpp">
      <Filter>sample</Filter>
    </ClCompile>
  </ItemGroup>
</Project>