
Microsoft Visual Studio Solution File, Format Version 12.00
# Visual Studio Version 16
VisualStudioVersion = 16.0.29409.12
MinimumVisualStudioVersion = 10.0.40219.1
Project("{8BC9CEB8-8B4A-11D0-8D11-00A0C91BC942}") = "sample_imgui", "sample_imgui.vcxproj", "{8FF15D1D-90F3-4B8A-A1C4-5E6FB800AEFE}"
	ProjectSection(ProjectDependencies) = postProject
		{360E9D40-1FAC-4D32-AA23-AC106DDD9C5E} = {360E9D40-1FAC-4D32-AA23-AC106DDD9C5E}
		{AB0391F5-A052-4B3F-8120-1396B50EB864} = {AB0391F5-A052-4B3F-8120-1396B50EB864}
		{B33336F7-F497-45BD-82AF-0B8CCB7D054D} = {B33336F7-F497-45BD-82AF-0B8CCB7D054D}
	EndProjectSection
EndProject
Project("{8BC9CEB8-8B4A-11D0-8D11-00A0C91BC942}") = "sample_fontstash", "sample_fontstash.vcxproj", "{CA585549-413A-4620-860B-29A5DBA06E64}"
	ProjectSection(ProjectDependencies) = postProject
		{360E9D40-1FAC-4D32-AA23-AC106DDD9C5E} = {360E9D40-1FAC-4D32-AA23-AC106DDD9C5E}
		{AB0391F5-A052-4B3F-8120-1396B50EB864} = {AB0391F5-A052-4B3F-8120-1396B50EB864}
		{B33336F7-F497-45BD-82AF-0B8CCB7D054D} = {B33336F7-F497-45BD-82AF-0B8CCB7D054D}
	EndProjectSection
EndProject
Project("{8BC9CEB8-8B4A-11D0-8D11-00A0C91BC942}") = "REI", "REI.vcxproj", "{360E9D40-1FAC-4D32-AA23-AC106DDD9C5E}"
EndProject
Project("{8BC9CEB8-8B4A-11D0-8D11-00A0C91BC942}") = "REI_Sample", "REI_Sample.vcxproj", "{B33336F7-F497-45BD-82AF-0B8CCB7D054D}"
	ProjectSection(ProjectDependencies) = postProject
		{AB0391F5-A052-4B3F-8120-1396B50EB864} = {AB0391F5-A052-4B3F-8120-1396B50EB864}
	EndProjectSection
EndProject
Project("{8BC9CEB8-8B4A-11D0-8D11-00A0C91BC942}") = "sample_triangle", "sample_triangle.vcxproj", "{1237CDE1-CEDA-43CD-90EF-0D4A115C90CE}"
	ProjectSection(ProjectDependencies) = postProject
		{AB0391F5-A052-4B3F-8120-1396B50EB864} = {AB0391F5-A052-4B3F-8120-1396B50EB864}
	EndProjectSection
EndProject
Project("{8BC9CEB8-8B4A-11D0-8D11-00A0C91BC942}") = "sample_nanovg", "sample_nanovg.vcxproj", "{7774D745-5DCD-43F0-BA94-CEF6F9811DD0}"
	ProjectSection(ProjectDependencies) = postProject
		{AB0391F5-A052-4B3F-8120-1396B50EB864} = {AB0391F5-A052-4B3F-8120-1396B50EB864}
	EndProjectSection
EndProject
Project("{8BC9CEB8-8B4A-11D0-8D11-00A0C91BC942}") = "sample_basic_draw", "sample_basic_draw.vcxproj", "{41F0180F-7DC5-4BFF-B053-9B35BA3D5D46}"
	ProjectSection(ProjectDependencies) = postProject
		{AB0391F5-A052-4B3F-8120-1396B50EB864} = {AB0391F5-A052-4B3F-8120-1396B50EB864}
	EndProjectSection
EndProject
Project("{2150E333-8FDC-42A3-9474-1A3956D46DE8}") = "Samples", "Samples", "{96FF12F8-4494-408B-999A-4C917C690D1E}"
EndProject
Project("{8BC9CEB8-8B4A-11D0-8D11-00A0C91BC942}") = "REI_Integration", "REI_Integration.vcxproj", "{AB0391F5-A052-4B3F-8120-1396B50EB864}"
	ProjectSection(ProjectDependencies) = postProject
		{360E9D40-1FAC-4D32-AA23-AC106DDD9C5E} = {360E9D40-1FAC-4D32-AA23-AC106DDD9C5E}
	EndProjectSection
EndProject
Project("{2150E333-8FDC-42A3-9474-1A3956D46DE8}") = "Tests", "Tests", "{ACBA9840-CE31-4210-ABC1-12F4759A1BC0}"
EndProject
Project("{8BC9CEB8-8B4A-11D0-8D11-00A0C91BC942}") = "Test_ICT", "Test_ICT.vcxproj", "{0718B65F-08AB-4F0A-9419-4614A183A150}"
EndProject
Project("{2150E333-8FDC-42A3-9474-1A3956D46DE8}") = "props", "props", "{A0272379-8B3A-4A2D-BDBD-EB1723990E10}"
	ProjectSection(SolutionItems) = preProject
		sample.props = sample.props
		test.props = test.props
	EndProjectSection
EndProject
Global
	GlobalSection(SolutionConfigurationPlatforms) = preSolution
		Debug|x64 = Debug|x64
		Debug|x86 = Debug|x86
		Release|x64 = Release|x64
		Release|x86 = Release|x86
	EndGlobalSection
	GlobalSection(ProjectConfigurationPlatforms) = postSolution
		{8FF15D1D-90F3-4B8A-A1C4-5E6FB800AEFE}.Debug|x64.ActiveCfg = Debug|x64
		{8FF15D1D-90F3-4B8A-A1C4-5E6FB800AEFE}.Debug|x64.Build.0 = Debug|x64
		{8FF15D1D-90F3-4B8A-A1C4-5E6FB800AEFE}.Debug|x86.ActiveCfg = Debug|Win32
		{8FF15D1D-90F3-4B8A-A1C4-5E6FB800AEFE}.Debug|x86.Build.0 = Debug|Win32
		{8FF15D1D-90F3-4B8A-A1C4-5E6FB800AEFE}.Release|x64.ActiveCfg = Release|x64
		{8FF15D1D-90F3-4B8A-A1C4-5E6FB800AEFE}.Release|x64.Build.0 = Release|x64
		{8FF15D1D-90F3-4B8A-A1C4-5E6FB800AEFE}.Release|x86.ActiveCfg = Release|Win32
		{8FF15D1D-90F3-4B8A-A1C4-5E6FB800AEFE}.Release|x86.Build.0 = Release|Win32
		{CA585549-413A-4620-860B-29A5DBA06E64}.Debug|x64.ActiveCfg = Debug|x64
		{CA585549-413A-4620-860B-29A5DBA06E64}.Debug|x64.Build.0 = Debug|x64
		{CA585549-413A-4620-860B-29A5DBA06E64}.Debug|x86.ActiveCfg = Debug|Win32
		{CA585549-413A-4620-860B-29A5DBA06E64}.Debug|x86.Build.0 = Debug|Win32
		{CA585549-413A-4620-860B-29A5DBA06E64}.Release|x64.ActiveCfg = Release|x64
		{CA585549-413A-4620-860B-29A5DBA06E64}.Release|x64.Build.0 = Release|x64
		{CA585549-413A-4620-860B-29A5DBA06E64}.Release|x86.ActiveCfg = Release|Win32
		{CA585549-413A-4620-860B-29A5DBA06E64}.Release|x86.Build.0 = Release|Win32
		{360E9D40-1FAC-4D32-AA23-AC106DDD9C5E}.Debug|x64.ActiveCfg = Debug|x64
		{360E9D40-1FAC-4D32-AA23-AC106DDD9C5E}.Debug|x64.Build.0 = Debug|x64
		{360E9D40-1FAC-4D32-AA23-AC106DDD9C5E}.Debug|x86.ActiveCfg = Debug|Win32
		{360E9D40-1FAC-4D32-AA23-AC106DDD9C5E}.Debug|x86.Build.0 = Debug|Win32
		{360E9D40-1FAC-4D32-AA23-AC106DDD9C5E}.Release|x64.ActiveCfg = Release|x64
		{360E9D40-1FAC-4D32-AA23-AC106DDD9C5E}.Release|x64.Build.0 = Release|x64
		{360E9D40-1FAC-4D32-AA23-AC106DDD9C5E}.Release|x86.ActiveCfg = Release|Win32
		{360E9D40-1FAC-4D32-AA23-AC106DDD9C5E}.Release|x86.Build.0 = Release|Win32
		{B33336F7-F497-45BD-82AF-0B8CCB7D054D}.Debug|x64.ActiveCfg = Debug|x64
		{B33336F7-F497-45BD-82AF-0B8CCB7D054D}.Debug|x64.Build.0 = Debug|x64
		{B33336F7-F497-45BD-82AF-0B8CCB7D054D}.Debug|x86.ActiveCfg = Debug|Win32
		{B33336F7-F497-45BD-82AF-0B8CCB7D054D}.Debug|x86.Build.0 = Debug|Win32
		{B33336F7-F497-45BD-82AF-0B8CCB7D054D}.Release|x64.ActiveCfg = Release|x64
		{B33336F7-F497-45BD-82AF-0B8CCB7D054D}.Release|x64.Build.0 = Release|x64
		{B33336F7-F497-45BD-82AF-0B8CCB7D054D}.Release|x86.ActiveCfg = Release|Win32
		{B33336F7-F497-45BD-82AF-0B8CCB7D054D}.Release|x86.Build.0 = Release|Win32
		{1237CDE1-CEDA-43CD-90EF-0D4A115C90CE}.Debug|x64.ActiveCfg = Debug|x64
		{1237CDE1-CEDA-43CD-90EF-0D4A115C90CE}.Debug|x64.Build.0 = Debug|x64
		{1237CDE1-CEDA-43CD-90EF-0D4A115C90CE}.Debug|x86.ActiveCfg = Debug|Win32
		{1237CDE1-CEDA-43CD-90EF-0D4A115C90CE}.Debug|x86.Build.0 = Debug|Win32
		{1237CDE1-CEDA-43CD-90EF-0D4A115C90CE}.Release|x64.ActiveCfg = Release|x64
		{1237CDE1-CEDA-43CD-90EF-0D4A115C90CE}.Release|x64.Build.0 = Release|x64
		{1237CDE1-CEDA-43CD-90EF-0D4A115C90CE}.Release|x86.ActiveCfg = Release|Win32
		{1237CDE1-CEDA-43CD-90EF-0D4A115C90CE}.Release|x86.Build.0 = Release|Win32
		{7774D745-5DCD-43F0-BA94-CEF6F9811DD0}.Debug|x64.ActiveCfg = Debug|x64
		{7774D745-5DCD-43F0-BA94-CEF6F9811DD0}.Debug|x64.Build.0 = Debug|x64
		{7774D745-5DCD-43F0-BA94-CEF6F9811DD0}.Debug|x86.ActiveCfg = Debug|Win32
		{7774D745-5DCD-43F0-BA94-CEF6F9811DD0}.Debug|x86.Build.0 = Debug|Win32
		{7774D745-5DCD-43F0-BA94-CEF6F9811DD0}.Release|x64.ActiveCfg = Release|x64
		{7774D745-5DCD-43F0-BA94-CEF6F9811DD0}.Release|x64.Build.0 = Release|x64
		{7774D745-5DCD-43F0-BA94-CEF6F9811DD0}.Release|x86.ActiveCfg = Release|Win32
		{7774D745-5DCD-43F0-BA94-CEF6F9811DD0}.Release|x86.Build.0 = Release|Win32
		{41F0180F-7DC5-4BFF-B053-9B35BA3D5D46}.Debug|x64.ActiveCfg = Debug|x64
		{41F0180F-7DC5-4BFF-B053-9B35BA3D5D46}.Debug|x64.Build.0 = Debug|x64
		{41F0180F-7DC5-4BFF-B053-9B35BA3D5D46}.Debug|x86.ActiveCfg = Debug|Win32
		{41F0180F-7DC5-4BFF-B053-9B35BA3D5D46}.Debug|x86.Build.0 = Debug|Win32
		{41F0180F-7DC5-4BFF-B053-9B35BA3D5D46}.Release|x64.ActiveCfg = Release|x64
		{41F0180F-7DC5-4BFF-B053-9B35BA3D5D46}.Release|x64.Build.0 = Release|x64
		{41F0180F-7DC5-4BFF-B053-9B35BA3D5D46}.Release|x86.ActiveCfg = Release|Win32
		{41F0180F-7DC5-4BFF-B053-9B35BA3D5D46}.Release|x86.Build.0 = Release|Win32
		{AB0391F5-A052-4B3F-8120-1396B50EB864}.Debug|x64.ActiveCfg = Debug|x64
		{AB0391F5-A052-4B3F-8120-1396B50EB864}.Debug|x64.Build.0 = Debug|x64
		{AB0391F5-A052-4B3F-8120-1396B50EB864}.Debug|x86.ActiveCfg = Debug|Win32
		{AB0391F5-A052-4B3F-8120-1396B50EB864}.Debug|x86.Build.0 = Debug|Win32
		{AB0391F5-A052-4B3F-8120-1396B50EB864}.Release|x64.ActiveCfg = Release|x64
		{AB0391F5-A052-4B3F-8120-1396B50EB864}.Release|x64.Build.0 = Release|x64
		{AB0391F5-A052-4B3F-8120-1396B50EB864}.Release|x86.ActiveCfg = Release|Win32
		{AB0391F5-A052-4B3F-8120-1396B50EB864}.Release|x86.Build.0 = Release|Win32
		{0718B65F-08AB-4F0A-9419-4614A183A150}.Debug|x64.ActiveCfg = Debug|x64
		{0718B65F-08AB-4F0A-9419-4614A183A150}.Debug|x64.Build.0 = Debug|x64
		{0718B65F-08AB-4F0A-9419-4614A183A150}.Debug|x86.ActiveCfg = Debug|Win32
		{0718B65F-08AB-4F0A-9419-4614A183A150}.Debug|x86.Build.0 = Debug|Win32
		{0718B65F-08AB-4F0A-9419-4614A183A150}.Release|x64.ActiveCfg = Release|x64
		{0718B65F-08AB-4F0A-9419-4614A183A150}.Release|x64.Build.0 = Release|x64
		{0718B65F-08AB-4F0A-9419-4614A183A150}.Release|x86.ActiveCfg = Release|Win32
		{0718B65F-08AB-4F0A-9419-4614A183A150}.Release|x86.Build.0 = Release|Win32
	EndGlobalSection
	GlobalSection(SolutionProperties) = preSolution
		HideSolutionNode = FALSE
	EndGlobalSection
	GlobalSection(NestedProjects) = preSolution
		{8FF15D1D-90F3-4B8A-A1C4-5E6FB800AEFE} = {96FF12F8-4494-408B-999A-4C917C690D1E}
		{CA585549-413A-4620-860B-29A5DBA06E64} = {96FF12F8-4494-408B-999A-4C917C690D1E}
		{1237CDE1-CEDA-43CD-90EF-0D4A115C90CE} = {96FF12F8-4494-408B-999A-4C917C690D1E}
		{7774D745-5DCD-43F0-BA94-CEF6F9811DD0} = {96FF12F8-4494-408B-999A-4C917C690D1E}
		{41F0180F-7DC5-4BFF-B053-9B35BA3D5D46} = {96FF12F8-4494-408B-999A-4C917C690D1E}
		{0718B65F-08AB-4F0A-9419-4614A183A150} = {ACBA9840-CE31-4210-ABC1-12F4759A1BC0}
	EndGlobalSection
	GlobalSection(ExtensibilityGlobals) = postSolution
		SolutionGuid = {A2058C2A-ADE2-4D6B-84CF-B390FCF60313}
	EndGlobalSection
EndGlobal
