<?xml version="1.0" encoding="utf-8"?>
<Project ToolsVersion="4.0" xmlns="http://schemas.microsoft.com/developer/msbuild/2003">
  <ItemGroup>
    <Filter Include="REI">
      <UniqueIdentifier>{503ce211-1f6f-4f26-8ac7-bd5e99a1bf39}</UniqueIdentifier>
    </Filter>
    <Filter Include="REI\3rdParty">
      <UniqueIdentifier>{dc64fdd5-afcd-4766-b31f-a18b1d363da2}</UniqueIdentifier>
    </Filter>
    <Filter Include="REI\3rdParty\spirv_reflect">
      <UniqueIdentifier>{68bd42ee-0cb4-4eb1-9957-752784ea882c}</UniqueIdentifier>
    </Filter>
    <Filter Include="REI\Interface">
      <UniqueIdentifier>{8a0b2e88-33a5-4438-8aa0-b7f580a9f38b}</UniqueIdentifier>
    </Filter>
    <Filter Include="REI\Renderer">
      <UniqueIdentifier>{36548f15-d41d-4885-a09a-fb7b43f1d663}</UniqueIdentifier>
    </Filter>
  </ItemGroup>
  <ItemGroup>
    <ClCompile Include="..\sources\REI\3rdParty\spirv_reflect\spirv_reflect.c">
      <Filter>REI\3rdParty\spirv_reflect</Filter>
    </ClCompile>
    <ClCompile Include="..\sources\REI\Renderer\RendererVk.cpp">
      <Filter>REI\Renderer</Filter>
    </ClCompile>
    <ClCompile Include="..\sources\REI\Renderer\ShaderReflection.cpp">
      <Filter>REI\Renderer</Filter>
    </ClCompile>
  </ItemGroup>
  <ItemGroup>
    <ClInclude Include="..\sources\REI\3rdParty\spirv_reflect\spirv.h">
      <Filter>REI\3rdParty\spirv_reflect</Filter>
    </ClInclude>
    <ClInclude Include="..\sources\REI\3rdParty\spirv_reflect\spirv_reflect.h">
      <Filter>REI\3rdParty\spirv_reflect</Filter>
    </ClInclude>
    <ClInclude Include="..\sources\REI\Interface\Common.h">
      <Filter>REI\Interface</Filter>
    </ClInclude>
    <ClInclude Include="..\sources\REI\Interface\Memory.h">
      <Filter>REI\Interface</Filter>
    </ClInclude>
    <ClInclude Include="..\sources\REI\Interface\OperatingSystem.h">
      <Filter>REI\Interface</Filter>
    </ClInclude>
    <ClInclude Include="..\sources\REI\Interface\Time.h">
      <Filter>REI\Interface</Filter>
    </ClInclude>
    <ClInclude Include="..\sources\REI\Interface\Thread.h">
      <Filter>REI\Interface</Filter>
    </ClInclude>
    <ClInclude Include="..\sources\REI\Renderer\Renderer.h">
      <Filter>REI\Renderer</Filter>
    </ClInclude>
    <ClInclude Include="..\sources\REI\Renderer\ShaderReflection.h">
      <Filter>REI\Renderer</Filter>
    </ClInclude>
  </ItemGroup>
</Project>