
Microsoft Visual Studio Solution File, Format Version 12.00
# Visual Studio Version 16
VisualStudioVersion = 16.0.30104.148
MinimumVisualStudioVersion = 15.0.28307.438
Project("{8BC9CEB8-8B4A-11D0-8D11-00A0C91BC942}") = "REI", "REI.vcxproj", "{3062376A-EA3D-4573-9A3F-CEFDBE63C3AA}"
EndProject
Project("{2150E333-8FDC-42A3-9474-1A3956D46DE8}") = "Samples", "Samples", "{F9267B26-4DDE-4EBB-B6BA-74A94E8A29DF}"
EndProject
Project("{8BC9CEB8-8B4A-11D0-8D11-00A0C91BC942}") = "REI_Sample", "REI_Sample.vcxproj", "{2F67C09C-B6EE-4311-8AB2-3A5A33C79ADF}"
	ProjectSection(ProjectDependencies) = postProject
		{3062376A-EA3D-4573-9A3F-CEFDBE63C3AA} = {3062376A-EA3D-4573-9A3F-CEFDBE63C3AA}
	EndProjectSection
EndProject
Project("{2150E333-8FDC-42A3-9474-1A3956D46DE8}") = "sample_triangle", "sample_triangle", "{101F4B92-1B9A-4251-9A31-28DD2EA3EFF7}"
EndProject
Project("{39E2626F-3545-4960-A6E8-258AD8476CE5}") = "sample_triangle.apk", "sample_trinagle\sample_triangle.apk.androidproj", "{F2C938CB-4B25-4F7F-81B1-84AF484CFE0B}"
EndProject
Project("{8BC9CEB8-8B4A-11D0-8D11-00A0C91BC942}") = "sample_triangle", "sample_trinagle\sample_triangle.vcxproj", "{963E6D1F-17EB-4286-8726-81C417516203}"
	ProjectSection(ProjectDependencies) = postProject
		{3062376A-EA3D-4573-9A3F-CEFDBE63C3AA} = {3062376A-EA3D-4573-9A3F-CEFDBE63C3AA}
		{2F67C09C-B6EE-4311-8AB2-3A5A33C79ADF} = {2F67C09C-B6EE-4311-8AB2-3A5A33C79ADF}
	EndProjectSection
EndProject
Project("{2150E333-8FDC-42A3-9474-1A3956D46DE8}") = "sample_basic_draw", "sample_basic_draw", "{E5B0E4E8-F52A-4D4C-8ACB-A395E8844090}"
EndProject
Project("{8BC9CEB8-8B4A-11D0-8D11-00A0C91BC942}") = "sample_basic_draw", "sample_basic_draw\sample_basic_draw.vcxproj", "{44E5EBC4-BBBA-4936-B7D4-E607CFCF112D}"
	ProjectSection(ProjectDependencies) = postProject
		{3062376A-EA3D-4573-9A3F-CEFDBE63C3AA} = {3062376A-EA3D-4573-9A3F-CEFDBE63C3AA}
		{2F67C09C-B6EE-4311-8AB2-3A5A33C79ADF} = {2F67C09C-B6EE-4311-8AB2-3A5A33C79ADF}
	EndProjectSection
EndProject
Project("{39E2626F-3545-4960-A6E8-258AD8476CE5}") = "sample_basic_draw.apk", "sample_basic_draw\sample_basic_draw.apk.androidproj", "{9242744C-24C2-42B9-A499-88491B48874E}"
EndProject
Project("{2150E333-8FDC-42A3-9474-1A3956D46DE8}") = "sample_fontstash", "sample_fontstash", "{4A822210-5F5C-4723-829D-376EF777066E}"
EndProject
Project("{8BC9CEB8-8B4A-11D0-8D11-00A0C91BC942}") = "sample_fontstash", "sample_fontstash\sample_fontstash.vcxproj", "{B01B0026-CBD9-431D-8F32-CFA259EF76CD}"
	ProjectSection(ProjectDependencies) = postProject
		{3062376A-EA3D-4573-9A3F-CEFDBE63C3AA} = {3062376A-EA3D-4573-9A3F-CEFDBE63C3AA}
		{2F67C09C-B6EE-4311-8AB2-3A5A33C79ADF} = {2F67C09C-B6EE-4311-8AB2-3A5A33C79ADF}
	EndProjectSection
EndProject
Project("{39E2626F-3545-4960-A6E8-258AD8476CE5}") = "sample_fontstash.apk", "sample_fontstash\sample_fontstash.apk.androidproj", "{4DEE705B-7378-435D-B111-147F607A9922}"
EndProject
Global
	GlobalSection(SolutionConfigurationPlatforms) = preSolution
		Debug|ARM = Debug|ARM
		Debug|ARM64 = Debug|ARM64
		Debug|x64 = Debug|x64
		Debug|x86 = Debug|x86
		Release|ARM = Release|ARM
		Release|ARM64 = Release|ARM64
		Release|x64 = Release|x64
		Release|x86 = Release|x86
	EndGlobalSection
	GlobalSection(ProjectConfigurationPlatforms) = postSolution
		{3062376A-EA3D-4573-9A3F-CEFDBE63C3AA}.Debug|ARM.ActiveCfg = Debug|ARM64
		{3062376A-EA3D-4573-9A3F-CEFDBE63C3AA}.Debug|ARM64.ActiveCfg = Debug|ARM64
		{3062376A-EA3D-4573-9A3F-CEFDBE63C3AA}.Debug|ARM64.Build.0 = Debug|ARM64
		{3062376A-EA3D-4573-9A3F-CEFDBE63C3AA}.Debug|x64.ActiveCfg = Debug|ARM64
		{3062376A-EA3D-4573-9A3F-CEFDBE63C3AA}.Debug|x86.ActiveCfg = Debug|ARM64
		{3062376A-EA3D-4573-9A3F-CEFDBE63C3AA}.Release|ARM.ActiveCfg = Release|ARM64
		{3062376A-EA3D-4573-9A3F-CEFDBE63C3AA}.Release|ARM64.ActiveCfg = Release|ARM64
		{3062376A-EA3D-4573-9A3F-CEFDBE63C3AA}.Release|ARM64.Build.0 = Release|ARM64
		{3062376A-EA3D-4573-9A3F-CEFDBE63C3AA}.Release|x64.ActiveCfg = Release|ARM64
		{3062376A-EA3D-4573-9A3F-CEFDBE63C3AA}.Release|x86.ActiveCfg = Release|ARM64
		{2F67C09C-B6EE-4311-8AB2-3A5A33C79ADF}.Debug|ARM.ActiveCfg = Debug|ARM64
		{2F67C09C-B6EE-4311-8AB2-3A5A33C79ADF}.Debug|ARM64.ActiveCfg = Debug|ARM64
		{2F67C09C-B6EE-4311-8AB2-3A5A33C79ADF}.Debug|ARM64.Build.0 = Debug|ARM64
		{2F67C09C-B6EE-4311-8AB2-3A5A33C79ADF}.Debug|x64.ActiveCfg = Debug|ARM64
		{2F67C09C-B6EE-4311-8AB2-3A5A33C79ADF}.Debug|x86.ActiveCfg = Debug|ARM64
		{2F67C09C-B6EE-4311-8AB2-3A5A33C79ADF}.Release|ARM.ActiveCfg = Release|ARM64
		{2F67C09C-B6EE-4311-8AB2-3A5A33C79ADF}.Release|ARM64.ActiveCfg = Release|ARM64
		{2F67C09C-B6EE-4311-8AB2-3A5A33C79ADF}.Release|ARM64.Build.0 = Release|ARM64
		{2F67C09C-B6EE-4311-8AB2-3A5A33C79ADF}.Release|x64.ActiveCfg = Release|ARM64
		{2F67C09C-B6EE-4311-8AB2-3A5A33C79ADF}.Release|x86.ActiveCfg = Release|ARM64
		{F2C938CB-4B25-4F7F-81B1-84AF484CFE0B}.Debug|ARM.ActiveCfg = Debug|ARM64
		{F2C938CB-4B25-4F7F-81B1-84AF484CFE0B}.Debug|ARM64.ActiveCfg = Debug|ARM64
		{F2C938CB-4B25-4F7F-81B1-84AF484CFE0B}.Debug|ARM64.Build.0 = Debug|ARM64
		{F2C938CB-4B25-4F7F-81B1-84AF484CFE0B}.Debug|ARM64.Deploy.0 = Debug|ARM64
		{F2C938CB-4B25-4F7F-81B1-84AF484CFE0B}.Debug|x64.ActiveCfg = Debug|ARM64
		{F2C938CB-4B25-4F7F-81B1-84AF484CFE0B}.Debug|x86.ActiveCfg = Debug|ARM64
		{F2C938CB-4B25-4F7F-81B1-84AF484CFE0B}.Release|ARM.ActiveCfg = Release|ARM64
		{F2C938CB-4B25-4F7F-81B1-84AF484CFE0B}.Release|ARM64.ActiveCfg = Release|ARM64
		{F2C938CB-4B25-4F7F-81B1-84AF484CFE0B}.Release|ARM64.Build.0 = Release|ARM64
		{F2C938CB-4B25-4F7F-81B1-84AF484CFE0B}.Release|ARM64.Deploy.0 = Release|ARM64
		{F2C938CB-4B25-4F7F-81B1-84AF484CFE0B}.Release|x64.ActiveCfg = Release|ARM64
		{F2C938CB-4B25-4F7F-81B1-84AF484CFE0B}.Release|x86.ActiveCfg = Release|ARM64
		{963E6D1F-17EB-4286-8726-81C417516203}.Debug|ARM.ActiveCfg = Debug|ARM64
		{963E6D1F-17EB-4286-8726-81C417516203}.Debug|ARM64.ActiveCfg = Debug|ARM64
		{963E6D1F-17EB-4286-8726-81C417516203}.Debug|ARM64.Build.0 = Debug|ARM64
		{963E6D1F-17EB-4286-8726-81C417516203}.Debug|x64.ActiveCfg = Debug|ARM64
		{963E6D1F-17EB-4286-8726-81C417516203}.Debug|x86.ActiveCfg = Debug|ARM64
		{963E6D1F-17EB-4286-8726-81C417516203}.Release|ARM.ActiveCfg = Release|ARM64
		{963E6D1F-17EB-4286-8726-81C417516203}.Release|ARM64.ActiveCfg = Release|ARM64
		{963E6D1F-17EB-4286-8726-81C417516203}.Release|ARM64.Build.0 = Release|ARM64
		{963E6D1F-17EB-4286-8726-81C417516203}.Release|x64.ActiveCfg = Release|ARM64
		{963E6D1F-17EB-4286-8726-81C417516203}.Release|x86.ActiveCfg = Release|ARM64
		{44E5EBC4-BBBA-4936-B7D4-E607CFCF112D}.Debug|ARM.ActiveCfg = Debug|ARM64
		{44E5EBC4-BBBA-4936-B7D4-E607CFCF112D}.Debug|ARM64.ActiveCfg = Debug|ARM64
		{44E5EBC4-BBBA-4936-B7D4-E607CFCF112D}.Debug|ARM64.Build.0 = Debug|ARM64
		{44E5EBC4-BBBA-4936-B7D4-E607CFCF112D}.Debug|x64.ActiveCfg = Debug|ARM64
		{44E5EBC4-BBBA-4936-B7D4-E607CFCF112D}.Debug|x86.ActiveCfg = Debug|ARM64
		{44E5EBC4-BBBA-4936-B7D4-E607CFCF112D}.Release|ARM.ActiveCfg = Release|ARM64
		{44E5EBC4-BBBA-4936-B7D4-E607CFCF112D}.Release|ARM64.ActiveCfg = Release|ARM64
		{44E5EBC4-BBBA-4936-B7D4-E607CFCF112D}.Release|ARM64.Build.0 = Release|ARM64
		{44E5EBC4-BBBA-4936-B7D4-E607CFCF112D}.Release|x64.ActiveCfg = Release|ARM64
		{44E5EBC4-BBBA-4936-B7D4-E607CFCF112D}.Release|x86.ActiveCfg = Release|ARM64
		{9242744C-24C2-42B9-A499-88491B48874E}.Debug|ARM.ActiveCfg = Debug|ARM64
		{9242744C-24C2-42B9-A499-88491B48874E}.Debug|ARM64.ActiveCfg = Debug|ARM64
		{9242744C-24C2-42B9-A499-88491B48874E}.Debug|ARM64.Build.0 = Debug|ARM64
		{9242744C-24C2-42B9-A499-88491B48874E}.Debug|ARM64.Deploy.0 = Debug|ARM64
		{9242744C-24C2-42B9-A499-88491B48874E}.Debug|x64.ActiveCfg = Debug|ARM64
		{9242744C-24C2-42B9-A499-88491B48874E}.Debug|x86.ActiveCfg = Debug|ARM64
		{9242744C-24C2-42B9-A499-88491B48874E}.Release|ARM.ActiveCfg = Release|ARM64
		{9242744C-24C2-42B9-A499-88491B48874E}.Release|ARM64.ActiveCfg = Release|ARM64
		{9242744C-24C2-42B9-A499-88491B48874E}.Release|ARM64.Build.0 = Release|ARM64
		{9242744C-24C2-42B9-A499-88491B48874E}.Release|ARM64.Deploy.0 = Release|ARM64
		{9242744C-24C2-42B9-A499-88491B48874E}.Release|x64.ActiveCfg = Release|ARM64
		{9242744C-24C2-42B9-A499-88491B48874E}.Release|x86.ActiveCfg = Release|ARM64
		{B01B0026-CBD9-431D-8F32-CFA259EF76CD}.Debug|ARM.ActiveCfg = Debug|ARM64
		{B01B0026-CBD9-431D-8F32-CFA259EF76CD}.Debug|ARM64.ActiveCfg = Debug|ARM64
		{B01B0026-CBD9-431D-8F32-CFA259EF76CD}.Debug|ARM64.Build.0 = Debug|ARM64
		{B01B0026-CBD9-431D-8F32-CFA259EF76CD}.Debug|x64.ActiveCfg = Debug|ARM64
		{B01B0026-CBD9-431D-8F32-CFA259EF76CD}.Debug|x86.ActiveCfg = Debug|ARM64
		{B01B0026-CBD9-431D-8F32-CFA259EF76CD}.Release|ARM.ActiveCfg = Release|ARM64
		{B01B0026-CBD9-431D-8F32-CFA259EF76CD}.Release|ARM64.ActiveCfg = Release|ARM64
		{B01B0026-CBD9-431D-8F32-CFA259EF76CD}.Release|ARM64.Build.0 = Release|ARM64
		{B01B0026-CBD9-431D-8F32-CFA259EF76CD}.Release|x64.ActiveCfg = Release|ARM64
		{B01B0026-CBD9-431D-8F32-CFA259EF76CD}.Release|x86.ActiveCfg = Release|ARM64
		{4DEE705B-7378-435D-B111-147F607A9922}.Debug|ARM.ActiveCfg = Debug|ARM64
		{4DEE705B-7378-435D-B111-147F607A9922}.Debug|ARM64.ActiveCfg = Debug|ARM64
		{4DEE705B-7378-435D-B111-147F607A9922}.Debug|ARM64.Build.0 = Debug|ARM64
		{4DEE705B-7378-435D-B111-147F607A9922}.Debug|ARM64.Deploy.0 = Debug|ARM64
		{4DEE705B-7378-435D-B111-147F607A9922}.Debug|x64.ActiveCfg = Debug|ARM64
		{4DEE705B-7378-435D-B111-147F607A9922}.Debug|x86.ActiveCfg = Debug|ARM64
		{4DEE705B-7378-435D-B111-147F607A9922}.Release|ARM.ActiveCfg = Release|ARM64
		{4DEE705B-7378-435D-B111-147F607A9922}.Release|ARM64.ActiveCfg = Release|ARM64
		{4DEE705B-7378-435D-B111-147F607A9922}.Release|ARM64.Build.0 = Release|ARM64
		{4DEE705B-7378-435D-B111-147F607A9922}.Release|ARM64.Deploy.0 = Release|ARM64
		{4DEE705B-7378-435D-B111-147F607A9922}.Release|x64.ActiveCfg = Release|ARM64
		{4DEE705B-7378-435D-B111-147F607A9922}.Release|x86.ActiveCfg = Release|ARM64
	EndGlobalSection
	GlobalSection(SolutionProperties) = preSolution
		HideSolutionNode = FALSE
	EndGlobalSection
	GlobalSection(NestedProjects) = preSolution
		{101F4B92-1B9A-4251-9A31-28DD2EA3EFF7} = {F9267B26-4DDE-4EBB-B6BA-74A94E8A29DF}
		{F2C938CB-4B25-4F7F-81B1-84AF484CFE0B} = {101F4B92-1B9A-4251-9A31-28DD2EA3EFF7}
		{963E6D1F-17EB-4286-8726-81C417516203} = {101F4B92-1B9A-4251-9A31-28DD2EA3EFF7}
		{E5B0E4E8-F52A-4D4C-8ACB-A395E8844090} = {F9267B26-4DDE-4EBB-B6BA-74A94E8A29DF}
		{44E5EBC4-BBBA-4936-B7D4-E607CFCF112D} = {E5B0E4E8-F52A-4D4C-8ACB-A395E8844090}
		{9242744C-24C2-42B9-A499-88491B48874E} = {E5B0E4E8-F52A-4D4C-8ACB-A395E8844090}
		{4A822210-5F5C-4723-829D-376EF777066E} = {F9267B26-4DDE-4EBB-B6BA-74A94E8A29DF}
		{B01B0026-CBD9-431D-8F32-CFA259EF76CD} = {4A822210-5F5C-4723-829D-376EF777066E}
		{4DEE705B-7378-435D-B111-147F607A9922} = {4A822210-5F5C-4723-829D-376EF777066E}
	EndGlobalSection
	GlobalSection(ExtensibilityGlobals) = postSolution
		SolutionGuid = {1AC8F675-BFAF-464F-891F-048A17AFA1E4}
	EndGlobalSection
EndGlobal
