<?xml version="1.0" encoding="utf-8"?>
<Project ToolsVersion="4.0" xmlns="http://schemas.microsoft.com/developer/msbuild/2003">
  <ItemGroup>
    <Filter Include="Header Files">
      <UniqueIdentifier>{93995380-89BD-4b04-88EB-625FBE52EBFB}</UniqueIdentifier>
      <Extensions>h;hh;hpp;hxx;hm;inl;inc;ipp;xsd</Extensions>
    </Filter>
    <Filter Include="sources">
      <UniqueIdentifier>{4FC737F1-C7A5-4376-A066-2A32D752A2FF}</UniqueIdentifier>
      <Extensions>cpp;c;cc;cxx;def;odl;idl;hpj;bat;asm;asmx</Extensions>
    </Filter>
    <Filter Include="Integration">
      <UniqueIdentifier>{b3e843f7-5162-41e4-aba4-76e25669cbc4}</UniqueIdentifier>
    </Filter>
    <Filter Include="Integration\shaders">
      <UniqueIdentifier>{eb806a48-615a-4906-95fe-74b64e53623a}</UniqueIdentifier>
    </Filter>
    <Filter Include="Integration\3rdparty">
      <UniqueIdentifier>{12951864-f06d-4fd0-853a-cbf30bd13622}</UniqueIdentifier>
    </Filter>
    <Filter Include="Integration\3rdparty\imgui">
      <UniqueIdentifier>{4e32cc3b-258f-4456-ba4d-0e0a9adca065}</UniqueIdentifier>
    </Filter>
    <Filter Include="Integration\3rdparty\nanovg">
      <UniqueIdentifier>{382fb4bd-e7e4-4fe5-8aca-7067da9bc505}</UniqueIdentifier>
    </Filter>
    <Filter Include="Integration\3rdparty\fontstash">
      <UniqueIdentifier>{5a6e9c55-1fee-4b94-83c0-3cf4589f06fd}</UniqueIdentifier>
    </Filter>
    <Filter Include="Integration\android">
      <UniqueIdentifier>{ee7109e7-64e5-415c-8f39-37a772096e95}</UniqueIdentifier>
    </Filter>
  </ItemGroup>
  <ItemGroup>
    <ClCompile Include="..\sources\REI_Integration\3rdparty\imgui\imgui.cpp">
      <Filter>Integration\3rdparty\imgui</Filter>
    </ClCompile>
    <ClCompile Include="..\sources\REI_Integration\3rdparty\imgui\imgui_demo.cpp">
      <Filter>Integration\3rdparty\imgui</Filter>
    </ClCompile>
    <ClCompile Include="..\sources\REI_Integration\3rdparty\imgui\imgui_draw.cpp">
      <Filter>Integration\3rdparty\imgui</Filter>
    </ClCompile>
    <ClCompile Include="..\sources\REI_Integration\3rdparty\imgui\imgui_widgets.cpp">
      <Filter>Integration\3rdparty\imgui</Filter>
    </ClCompile>
    <ClCompile Include="..\sources\REI_Integration\ThreadSystem.cpp">
      <Filter>Integration</Filter>
    </ClCompile>
    <ClCompile Include="..\sources\REI_Integration\REI_fontstash.cpp">
      <Filter>Integration</Filter>
    </ClCompile>
    <ClCompile Include="..\sources\REI_Integration\REI_imgui.cpp">
      <Filter>Integration</Filter>
    </ClCompile>
    <ClCompile Include="..\sources\REI_Integration\REI_nanovg.cpp">
      <Filter>Integration</Filter>
    </ClCompile>
    <ClCompile Include="..\sources\REI_Integration\Log.cpp">
      <Filter>Integration</Filter>
    </ClCompile>
    <ClCompile Include="..\sources\REI_Integration\3rdparty\nanovg\nanovg.c">
      <Filter>Integration\3rdparty\nanovg</Filter>
    </ClCompile>
    <ClCompile Include="..\sources\REI_Integration\ResourceLoader.cpp">
      <Filter>Integration</Filter>
    </ClCompile>
    <ClCompile Include="..\sources\REI_Integration\BasicDraw.cpp">
      <Filter>Integration</Filter>
    </ClCompile>
    <ClCompile Include="..\sources\REI_Integration\android\AndroidLog.cpp">
      <Filter>Integration\android</Filter>
    </ClCompile>
    <ClCompile Include="..\sources\REI_Integration\android\AndroidThread.cpp">
      <Filter>Integration\android</Filter>
    </ClCompile>
    <ClCompile Include="..\sources\REI_Integration\android\AndroidTime.cpp">
      <Filter>Integration\android</Filter>
    </ClCompile>
    <ClCompile Include="..\sources\REI_Sample\android\main_android.cpp">
      <Filter>Integration\android</Filter>
    </ClCompile>
    <ClCompile Include="$(VS_NdkRoot)\sources\android\native_app_glue\android_native_app_glue.c">
      <Filter>Integration\android</Filter>
    </ClCompile>
    <ClCompile Include="..\sources\REI_Sample\sample.cpp">
      <Filter>sources</Filter>
    </ClCompile>
  </ItemGroup>
  <ItemGroup>
    <ClInclude Include="..\sources\REI_Sample\sample.h">
      <Filter>sources</Filter>
    </ClInclude>
    <ClInclude Include="..\sources\REI_Integration\3rdparty\imgui\imconfig.h">
      <Filter>Integration\3rdparty\imgui</Filter>
    </ClInclude>
    <ClInclude Include="..\sources\REI_Integration\3rdparty\imgui\imgui.h">
      <Filter>Integration\3rdparty\imgui</Filter>
    </ClInclude>
    <ClInclude Include="..\sources\REI_Integration\3rdparty\imgui\imgui_internal.h">
      <Filter>Integration\3rdparty\imgui</Filter>
    </ClInclude>
    <ClInclude Include="..\sources\REI_Integration\3rdparty\imgui\imstb_rectpack.h">
      <Filter>Integration\3rdparty\imgui</Filter>
    </ClInclude>
    <ClInclude Include="..\sources\REI_Integration\3rdparty\imgui\imstb_textedit.h">
      <Filter>Integration\3rdparty\imgui</Filter>
    </ClInclude>
    <ClInclude Include="..\sources\REI_Integration\3rdparty\imgui\imstb_truetype.h">
      <Filter>Integration\3rdparty\imgui</Filter>
    </ClInclude>
    <ClInclude Include="..\sources\REI_Integration\ThreadSystem.h">
      <Filter>Integration</Filter>
    </ClInclude>
    <ClInclude Include="..\sources\REI_Integration\REI_fontstash.h">
      <Filter>Integration</Filter>
    </ClInclude>
    <ClInclude Include="..\sources\REI_Integration\REI_imgui.h">
      <Filter>Integration</Filter>
    </ClInclude>
    <ClInclude Include="..\sources\REI_Integration\REI_nanovg.h">
      <Filter>Integration</Filter>
    </ClInclude>
    <ClInclude Include="..\sources\REI_Integration\3rdparty\nanovg\nanovg.h">
      <Filter>Integration\3rdparty\nanovg</Filter>
    </ClInclude>
    <ClInclude Include="..\sources\REI_Integration\3rdparty\fontstash\fontstash.h">
      <Filter>Integration\3rdparty\fontstash</Filter>
    </ClInclude>
    <ClInclude Include="..\sources\REI_Integration\ResourceLoader.h">
      <Filter>Integration</Filter>
    </ClInclude>
    <ClInclude Include="..\sources\REI_Integration\BasicDraw.h">
      <Filter>Integration</Filter>
    </ClInclude>
    <ClInclude Include="$(VS_NdkRoot)\sources\android\native_app_glue\android_native_app_glue.h">
      <Filter>Integration\android</Filter>
    </ClInclude>
  </ItemGroup>
  <ItemGroup>
    <CustomBuild Include="..\sources\REI_Integration\shaders\basicdraw.frag">
      <Filter>Integration\shaders</Filter>
    </CustomBuild>
    <CustomBuild Include="..\sources\REI_Integration\shaders\basicdraw_line.vert">
      <Filter>Integration\shaders</Filter>
    </CustomBuild>
    <CustomBuild Include="..\sources\REI_Integration\shaders\basicdraw_mesh.vert">
      <Filter>Integration\shaders</Filter>
    </CustomBuild>
    <CustomBuild Include="..\sources\REI_Integration\shaders\basicdraw_point.vert">
      <Filter>Integration\shaders</Filter>
    </CustomBuild>
    <CustomBuild Include="..\sources\REI_Integration\shaders\fontstash.frag">
      <Filter>Integration\shaders</Filter>
    </CustomBuild>
    <CustomBuild Include="..\sources\REI_Integration\shaders\fontstash.vert">
      <Filter>Integration\shaders</Filter>
    </CustomBuild>
    <CustomBuild Include="..\sources\REI_Integration\shaders\imgui.frag">
      <Filter>Integration\shaders</Filter>
    </CustomBuild>
    <CustomBuild Include="..\sources\REI_Integration\shaders\imgui.vert">
      <Filter>Integration\shaders</Filter>
    </CustomBuild>
    <CustomBuild Include="..\sources\REI_Integration\shaders\nanovg.frag">
      <Filter>Integration\shaders</Filter>
    </CustomBuild>
    <CustomBuild Include="..\sources\REI_Integration\shaders\nanovg.vert">
      <Filter>Integration\shaders</Filter>
    </CustomBuild>
  </ItemGroup>
</Project>